
Microsoft Visual Studio Solution File, Format Version 12.00
Project("{FAE04EC0-301F-11D3-BF4B-00C04F79EFBC}") = "ToolGood.Words.Sample", "ToolGood.Words.Sample\ToolGood.Words.Sample.csproj", "{029EDF78-ACE1-4625-B09C-9BC0183F613E}"
EndProject
Global
	GlobalSection(SolutionConfigurationPlatforms) = preSolution
		Debug|Any CPU = Debug|Any CPU
		Release|Any CPU = Release|Any CPU
	EndGlobalSection
	GlobalSection(ProjectConfigurationPlatforms) = postSolution
		{029EDF78-ACE1-4625-B09C-9BC0183F613E}.Debug|Any CPU.ActiveCfg = Debug|Any CPU
		{029EDF78-ACE1-4625-B09C-9BC0183F613E}.Debug|Any CPU.Build.0 = Debug|Any CPU
		{029EDF78-ACE1-4625-B09C-9BC0183F613E}.Release|Any CPU.ActiveCfg = Release|Any CPU
		{029EDF78-ACE1-4625-B09C-9BC0183F613E}.Release|Any CPU.Build.0 = Release|Any CPU
	EndGlobalSection
EndGlobal
